
Microsoft Visual Studio Solution File, Format Version 12.00
# Visual Studio Version 16
VisualStudioVersion = 16.0.29519.87
MinimumVisualStudioVersion = 10.0.40219.1
Project("{FAE04EC0-301F-11D3-BF4B-00C04F79EFBC}") = "WebApiExample", "WebApiExample\WebApiExample.csproj", "{ED45FC0E-6CCD-4BCF-942F-42A727A64931}"
EndProject
Project("{E24C65DC-7377-472B-9ABA-BC803B73C61A}") = "WCFService1", "WCFService1\", "{1DB14EDD-6F10-4BFF-9D9F-82A5E2162D66}"
	ProjectSection(WebsiteProperties) = preProject
		TargetFrameworkMoniker = ".NETFramework,Version%3Dv4.7.2"
		Debug.AspNetCompiler.VirtualPath = "/localhost_50835"
		Debug.AspNetCompiler.PhysicalPath = "WCFService1\"
		Debug.AspNetCompiler.TargetPath = "PrecompiledWeb\localhost_50835\"
		Debug.AspNetCompiler.Updateable = "true"
		Debug.AspNetCompiler.ForceOverwrite = "true"
		Debug.AspNetCompiler.FixedNames = "false"
		Debug.AspNetCompiler.Debug = "True"
		Release.AspNetCompiler.VirtualPath = "/localhost_50835"
		Release.AspNetCompiler.PhysicalPath = "WCFService1\"
		Release.AspNetCompiler.TargetPath = "PrecompiledWeb\localhost_50835\"
		Release.AspNetCompiler.Updateable = "true"
		Release.AspNetCompiler.ForceOverwrite = "true"
		Release.AspNetCompiler.FixedNames = "false"
		Release.AspNetCompiler.Debug = "False"
		VWDPort = "50835"
		SlnRelativePath = "WCFService1\"
		DefaultWebSiteLanguage = "Visual C#"
	EndProjectSection
EndProject
Project("{FAE04EC0-301F-11D3-BF4B-00C04F79EFBC}") = "RestApi", "RestApi\RestApi.csproj", "{649F80D7-3068-4F2B-AE28-FBBF6F8A71E0}"
EndProject
Global
	GlobalSection(SolutionConfigurationPlatforms) = preSolution
		Debug|Any CPU = Debug|Any CPU
		Debug|x64 = Debug|x64
		Debug|x86 = Debug|x86
		Release|Any CPU = Release|Any CPU
		Release|x64 = Release|x64
		Release|x86 = Release|x86
	EndGlobalSection
	GlobalSection(ProjectConfigurationPlatforms) = postSolution
		{ED45FC0E-6CCD-4BCF-942F-42A727A64931}.Debug|Any CPU.ActiveCfg = Debug|Any CPU
		{ED45FC0E-6CCD-4BCF-942F-42A727A64931}.Debug|Any CPU.Build.0 = Debug|Any CPU
		{ED45FC0E-6CCD-4BCF-942F-42A727A64931}.Debug|x64.ActiveCfg = Debug|Any CPU
		{ED45FC0E-6CCD-4BCF-942F-42A727A64931}.Debug|x64.Build.0 = Debug|Any CPU
		{ED45FC0E-6CCD-4BCF-942F-42A727A64931}.Debug|x86.ActiveCfg = Debug|Any CPU
		{ED45FC0E-6CCD-4BCF-942F-42A727A64931}.Debug|x86.Build.0 = Debug|Any CPU
		{ED45FC0E-6CCD-4BCF-942F-42A727A64931}.Release|Any CPU.ActiveCfg = Release|Any CPU
		{ED45FC0E-6CCD-4BCF-942F-42A727A64931}.Release|Any CPU.Build.0 = Release|Any CPU
		{ED45FC0E-6CCD-4BCF-942F-42A727A64931}.Release|x64.ActiveCfg = Release|Any CPU
		{ED45FC0E-6CCD-4BCF-942F-42A727A64931}.Release|x64.Build.0 = Release|Any CPU
		{ED45FC0E-6CCD-4BCF-942F-42A727A64931}.Release|x86.ActiveCfg = Release|Any CPU
		{ED45FC0E-6CCD-4BCF-942F-42A727A64931}.Release|x86.Build.0 = Release|Any CPU
		{1DB14EDD-6F10-4BFF-9D9F-82A5E2162D66}.Debug|Any CPU.ActiveCfg = Debug|Any CPU
		{1DB14EDD-6F10-4BFF-9D9F-82A5E2162D66}.Debug|Any CPU.Build.0 = Debug|Any CPU
		{1DB14EDD-6F10-4BFF-9D9F-82A5E2162D66}.Debug|x64.ActiveCfg = Debug|Any CPU
		{1DB14EDD-6F10-4BFF-9D9F-82A5E2162D66}.Debug|x64.Build.0 = Debug|Any CPU
		{1DB14EDD-6F10-4BFF-9D9F-82A5E2162D66}.Debug|x86.ActiveCfg = Debug|Any CPU
		{1DB14EDD-6F10-4BFF-9D9F-82A5E2162D66}.Debug|x86.Build.0 = Debug|Any CPU
		{1DB14EDD-6F10-4BFF-9D9F-82A5E2162D66}.Release|Any CPU.ActiveCfg = Debug|Any CPU
		{1DB14EDD-6F10-4BFF-9D9F-82A5E2162D66}.Release|Any CPU.Build.0 = Debug|Any CPU
		{1DB14EDD-6F10-4BFF-9D9F-82A5E2162D66}.Release|x64.ActiveCfg = Debug|Any CPU
		{1DB14EDD-6F10-4BFF-9D9F-82A5E2162D66}.Release|x64.Build.0 = Debug|Any CPU
		{1DB14EDD-6F10-4BFF-9D9F-82A5E2162D66}.Release|x86.ActiveCfg = Debug|Any CPU
		{1DB14EDD-6F10-4BFF-9D9F-82A5E2162D66}.Release|x86.Build.0 = Debug|Any CPU
		{649F80D7-3068-4F2B-AE28-FBBF6F8A71E0}.Debug|Any CPU.ActiveCfg = Debug|Any CPU
		{649F80D7-3068-4F2B-AE28-FBBF6F8A71E0}.Debug|Any CPU.Build.0 = Debug|Any CPU
		{649F80D7-3068-4F2B-AE28-FBBF6F8A71E0}.Debug|x64.ActiveCfg = Debug|Any CPU
		{649F80D7-3068-4F2B-AE28-FBBF6F8A71E0}.Debug|x64.Build.0 = Debug|Any CPU
		{649F80D7-3068-4F2B-AE28-FBBF6F8A71E0}.Debug|x86.ActiveCfg = Debug|Any CPU
		{649F80D7-3068-4F2B-AE28-FBBF6F8A71E0}.Debug|x86.Build.0 = Debug|Any CPU
		{649F80D7-3068-4F2B-AE28-FBBF6F8A71E0}.Release|Any CPU.ActiveCfg = Release|Any CPU
		{649F80D7-3068-4F2B-AE28-FBBF6F8A71E0}.Release|Any CPU.Build.0 = Release|Any CPU
		{649F80D7-3068-4F2B-AE28-FBBF6F8A71E0}.Release|x64.ActiveCfg = Release|Any CPU
		{649F80D7-3068-4F2B-AE28-FBBF6F8A71E0}.Release|x64.Build.0 = Release|Any CPU
		{649F80D7-3068-4F2B-AE28-FBBF6F8A71E0}.Release|x86.ActiveCfg = Release|Any CPU
		{649F80D7-3068-4F2B-AE28-FBBF6F8A71E0}.Release|x86.Build.0 = Release|Any CPU
	EndGlobalSection
	GlobalSection(SolutionProperties) = preSolution
		HideSolutionNode = FALSE
	EndGlobalSection
	GlobalSection(ExtensibilityGlobals) = postSolution
		SolutionGuid = {D07C06B4-19A7-4BB2-B01C-1FA6196AA7BB}
	EndGlobalSection
EndGlobal
